
Microsoft Visual Studio Solution File, Format Version 12.00
# Visual Studio Version 17
VisualStudioVersion = 17.5.002.0
MinimumVisualStudioVersion = 10.0.40219.1
Project("{9A19103F-16F7-4668-BE54-9A1E7A4F7556}") = "NHQBaiThiLai", "NHQBaiThiLai.csproj", "{99C3500E-4BD6-4B9D-861B-8381E89F8DDF}"
EndProject
Global
	GlobalSection(SolutionConfigurationPlatforms) = preSolution
		Debug|Any CPU = Debug|Any CPU
		Release|Any CPU = Release|Any CPU
	EndGlobalSection
	GlobalSection(ProjectConfigurationPlatforms) = postSolution
		{99C3500E-4BD6-4B9D-861B-8381E89F8DDF}.Debug|Any CPU.ActiveCfg = Debug|Any CPU
		{99C3500E-4BD6-4B9D-861B-8381E89F8DDF}.Debug|Any CPU.Build.0 = Debug|Any CPU
		{99C3500E-4BD6-4B9D-861B-8381E89F8DDF}.Release|Any CPU.ActiveCfg = Release|Any CPU
		{99C3500E-4BD6-4B9D-861B-8381E89F8DDF}.Release|Any CPU.Build.0 = Release|Any CPU
	EndGlobalSection
	GlobalSection(SolutionProperties) = preSolution
		HideSolutionNode = FALSE
	EndGlobalSection
	GlobalSection(ExtensibilityGlobals) = postSolution
		SolutionGuid = {AD151D3C-2D7E-4D94-9B50-B290AFC706A4}
	EndGlobalSection
EndGlobal
